
Microsoft Visual Studio Solution File, Format Version 12.00
# Visual Studio 2013
VisualStudioVersion = 12.0.21005.1
MinimumVisualStudioVersion = 10.0.40219.1
Project("{FAE04EC0-301F-11D3-BF4B-00C04F79EFBC}") = "ExRam.MvvmCross.ObservableBinding", "ExRam.MvvmCross.ObservableBinding\ExRam.MvvmCross.ObservableBinding.csproj", "{DDB09CE6-C906-4E92-98E4-12EC094EC918}"
EndProject
Project("{FAE04EC0-301F-11D3-BF4B-00C04F79EFBC}") = "ExRam.MvvmCross.ObservableBinding.Tests", "ExRam.MvvmCross.ObservableBinding.Tests\ExRam.MvvmCross.ObservableBinding.Tests.csproj", "{D265B567-48D9-406A-80E2-98D007368DC7}"
EndProject
Project("{2150E333-8FDC-42A3-9474-1A3956D46DE8}") = ".nuget", ".nuget", "{7F1E0A23-F8F9-433D-A3CA-2498D16E794C}"
	ProjectSection(SolutionItems) = preProject
		.nuget\NuGet.Config = .nuget\NuGet.Config
		.nuget\NuGet.exe = .nuget\NuGet.exe
		.nuget\NuGet.targets = .nuget\NuGet.targets
	EndProjectSection
EndProject
Global
	GlobalSection(SolutionConfigurationPlatforms) = preSolution
		Debug|Any CPU = Debug|Any CPU
		Release|Any CPU = Release|Any CPU
	EndGlobalSection
	GlobalSection(ProjectConfigurationPlatforms) = postSolution
		{DDB09CE6-C906-4E92-98E4-12EC094EC918}.Debug|Any CPU.ActiveCfg = Debug|Any CPU
		{DDB09CE6-C906-4E92-98E4-12EC094EC918}.Debug|Any CPU.Build.0 = Debug|Any CPU
		{DDB09CE6-C906-4E92-98E4-12EC094EC918}.Release|Any CPU.ActiveCfg = Release|Any CPU
		{DDB09CE6-C906-4E92-98E4-12EC094EC918}.Release|Any CPU.Build.0 = Release|Any CPU
		{D265B567-48D9-406A-80E2-98D007368DC7}.Debug|Any CPU.ActiveCfg = Debug|Any CPU
		{D265B567-48D9-406A-80E2-98D007368DC7}.Debug|Any CPU.Build.0 = Debug|Any CPU
		{D265B567-48D9-406A-80E2-98D007368DC7}.Release|Any CPU.ActiveCfg = Release|Any CPU
		{D265B567-48D9-406A-80E2-98D007368DC7}.Release|Any CPU.Build.0 = Release|Any CPU
	EndGlobalSection
	GlobalSection(SolutionProperties) = preSolution
		HideSolutionNode = FALSE
	EndGlobalSection
EndGlobal
