
Microsoft Visual Studio Solution File, Format Version 12.00
# Visual Studio 15
VisualStudioVersion = 15.0.28010.0
MinimumVisualStudioVersion = 10.0.40219.1
Project("{FAE04EC0-301F-11D3-BF4B-00C04F79EFBC}") = "ExRam.MvvmCross.ObservableBinding", "ExRam.MvvmCross.ObservableBinding\ExRam.MvvmCross.ObservableBinding.csproj", "{DDB09CE6-C906-4E92-98E4-12EC094EC918}"
EndProject
Project("{FAE04EC0-301F-11D3-BF4B-00C04F79EFBC}") = "ExRam.MvvmCross.ObservableBinding.Tests", "ExRam.MvvmCross.ObservableBinding.Tests\ExRam.MvvmCross.ObservableBinding.Tests.csproj", "{D265B567-48D9-406A-80E2-98D007368DC7}"
EndProject
Global
	GlobalSection(SolutionConfigurationPlatforms) = preSolution
		Debug|Any CPU = Debug|Any CPU
		Release|Any CPU = Release|Any CPU
	EndGlobalSection
	GlobalSection(ProjectConfigurationPlatforms) = postSolution
		{DDB09CE6-C906-4E92-98E4-12EC094EC918}.Debug|Any CPU.ActiveCfg = Debug|Any CPU
		{DDB09CE6-C906-4E92-98E4-12EC094EC918}.Debug|Any CPU.Build.0 = Debug|Any CPU
		{DDB09CE6-C906-4E92-98E4-12EC094EC918}.Release|Any CPU.ActiveCfg = Release|Any CPU
		{DDB09CE6-C906-4E92-98E4-12EC094EC918}.Release|Any CPU.Build.0 = Release|Any CPU
		{D265B567-48D9-406A-80E2-98D007368DC7}.Debug|Any CPU.ActiveCfg = Debug|Any CPU
		{D265B567-48D9-406A-80E2-98D007368DC7}.Debug|Any CPU.Build.0 = Debug|Any CPU
		{D265B567-48D9-406A-80E2-98D007368DC7}.Release|Any CPU.ActiveCfg = Release|Any CPU
		{D265B567-48D9-406A-80E2-98D007368DC7}.Release|Any CPU.Build.0 = Release|Any CPU
	EndGlobalSection
	GlobalSection(SolutionProperties) = preSolution
		HideSolutionNode = FALSE
	EndGlobalSection
	GlobalSection(ExtensibilityGlobals) = postSolution
		SolutionGuid = {64361B14-6155-40D4-9D1C-53A04288DA2B}
	EndGlobalSection
EndGlobal
